// !$*UTF8*$!
{
	archiveVersion = 1;
	classes = {
	};
	objectVersion = 46;
	objects = {

/* Begin PBXBuildFile section */
		68C971661C208B85009C78FE /* AppDelegate.swift in Sources */ = {isa = PBXBuildFile; fileRef = 68C971651C208B85009C78FE /* AppDelegate.swift */; };
		68C971681C208B85009C78FE /* ViewController.swift in Sources */ = {isa = PBXBuildFile; fileRef = 68C971671C208B85009C78FE /* ViewController.swift */; };
		68C9716B1C208B85009C78FE /* Main.storyboard in Resources */ = {isa = PBXBuildFile; fileRef = 68C971691C208B85009C78FE /* Main.storyboard */; };
		68C9716D1C208B85009C78FE /* Images.xcassets in Resources */ = {isa = PBXBuildFile; fileRef = 68C9716C1C208B85009C78FE /* Images.xcassets */; };
		68C971701C208B85009C78FE /* LaunchScreen.xib in Resources */ = {isa = PBXBuildFile; fileRef = 68C9716E1C208B85009C78FE /* LaunchScreen.xib */; };
		68C9717C1C208B85009C78FE /* tipsTests.swift in Sources */ = {isa = PBXBuildFile; fileRef = 68C9717B1C208B85009C78FE /* tipsTests.swift */; };
		68C971861C2097AB009C78FE /* SettingsViewController.swift in Sources */ = {isa = PBXBuildFile; fileRef = 68C971851C2097AB009C78FE /* SettingsViewController.swift */; };
		68C971881C20B777009C78FE /* Theme.swift in Sources */ = {isa = PBXBuildFile; fileRef = 68C971871C20B777009C78FE /* Theme.swift */; };
/* End PBXBuildFile section */

/* Begin PBXContainerItemProxy section */
		68C971761C208B85009C78FE /* PBXContainerItemProxy */ = {
			isa = PBXContainerItemProxy;
			containerPortal = 68C971581C208B85009C78FE /* Project object */;
			proxyType = 1;
			remoteGlobalIDString = 68C9715F1C208B85009C78FE;
			remoteInfo = tips;
		};
/* End PBXContainerItemProxy section */

/* Begin PBXFileReference section */
		68C971601C208B85009C78FE /* tips.app */ = {isa = PBXFileReference; explicitFileType = wrapper.application; includeInIndex = 0; path = tips.app; sourceTree = BUILT_PRODUCTS_DIR; };
		68C971641C208B85009C78FE /* Info.plist */ = {isa = PBXFileReference; lastKnownFileType = text.plist.xml; path = Info.plist; sourceTree = "<group>"; };
		68C971651C208B85009C78FE /* AppDelegate.swift */ = {isa = PBXFileReference; lastKnownFileType = sourcecode.swift; path = AppDelegate.swift; sourceTree = "<group>"; };
		68C971671C208B85009C78FE /* ViewController.swift */ = {isa = PBXFileReference; lastKnownFileType = sourcecode.swift; path = ViewController.swift; sourceTree = "<group>"; };
		68C9716A1C208B85009C78FE /* Base */ = {isa = PBXFileReference; lastKnownFileType = file.storyboard; name = Base; path = Base.lproj/Main.storyboard; sourceTree = "<group>"; };
		68C9716C1C208B85009C78FE /* Images.xcassets */ = {isa = PBXFileReference; lastKnownFileType = folder.assetcatalog; path = Images.xcassets; sourceTree = "<group>"; };
		68C9716F1C208B85009C78FE /* Base */ = {isa = PBXFileReference; lastKnownFileType = file.xib; name = Base; path = Base.lproj/LaunchScreen.xib; sourceTree = "<group>"; };
		68C971751C208B85009C78FE /* tipsTests.xctest */ = {isa = PBXFileReference; explicitFileType = wrapper.cfbundle; includeInIndex = 0; path = tipsTests.xctest; sourceTree = BUILT_PRODUCTS_DIR; };
		68C9717A1C208B85009C78FE /* Info.plist */ = {isa = PBXFileReference; lastKnownFileType = text.plist.xml; path = Info.plist; sourceTree = "<group>"; };
		68C9717B1C208B85009C78FE /* tipsTests.swift */ = {isa = PBXFileReference; lastKnownFileType = sourcecode.swift; path = tipsTests.swift; sourceTree = "<group>"; };
		68C971851C2097AB009C78FE /* SettingsViewController.swift */ = {isa = PBXFileReference; fileEncoding = 4; lastKnownFileType = sourcecode.swift; path = SettingsViewController.swift; sourceTree = "<group>"; };
		68C971871C20B777009C78FE /* Theme.swift */ = {isa = PBXFileReference; fileEncoding = 4; lastKnownFileType = sourcecode.swift; path = Theme.swift; sourceTree = "<group>"; };
/* End PBXFileReference section */

/* Begin PBXFrameworksBuildPhase section */
		68C9715D1C208B85009C78FE /* Frameworks */ = {
			isa = PBXFrameworksBuildPhase;
			buildActionMask = 2147483647;
			files = (
			);
			runOnlyForDeploymentPostprocessing = 0;
		};
		68C971721C208B85009C78FE /* Frameworks */ = {
			isa = PBXFrameworksBuildPhase;
			buildActionMask = 2147483647;
			files = (
			);
			runOnlyForDeploymentPostprocessing = 0;
		};
/* End PBXFrameworksBuildPhase section */

/* Begin PBXGroup section */
		68C971571C208B85009C78FE = {
			isa = PBXGroup;
			children = (
				68C971621C208B85009C78FE /* tips */,
				68C971781C208B85009C78FE /* tipsTests */,
				68C971611C208B85009C78FE /* Products */,
			);
			sourceTree = "<group>";
		};
		68C971611C208B85009C78FE /* Products */ = {
			isa = PBXGroup;
			children = (
				68C971601C208B85009C78FE /* tips.app */,
				68C971751C208B85009C78FE /* tipsTests.xctest */,
			);
			name = Products;
			sourceTree = "<group>";
		};
		68C971621C208B85009C78FE /* tips */ = {
			isa = PBXGroup;
			children = (
				68C971651C208B85009C78FE /* AppDelegate.swift */,
				68C971671C208B85009C78FE /* ViewController.swift */,
				68C971871C20B777009C78FE /* Theme.swift */,
				68C971691C208B85009C78FE /* Main.storyboard */,
				68C971851C2097AB009C78FE /* SettingsViewController.swift */,
				68C9716C1C208B85009C78FE /* Images.xcassets */,
				68C9716E1C208B85009C78FE /* LaunchScreen.xib */,
				68C971631C208B85009C78FE /* Supporting Files */,
			);
			path = tips;
			sourceTree = "<group>";
		};
		68C971631C208B85009C78FE /* Supporting Files */ = {
			isa = PBXGroup;
			children = (
				68C971641C208B85009C78FE /* Info.plist */,
			);
			name = "Supporting Files";
			sourceTree = "<group>";
		};
		68C971781C208B85009C78FE /* tipsTests */ = {
			isa = PBXGroup;
			children = (
				68C9717B1C208B85009C78FE /* tipsTests.swift */,
				68C971791C208B85009C78FE /* Supporting Files */,
			);
			path = tipsTests;
			sourceTree = "<group>";
		};
		68C971791C208B85009C78FE /* Supporting Files */ = {
			isa = PBXGroup;
			children = (
				68C9717A1C208B85009C78FE /* Info.plist */,
			);
			name = "Supporting Files";
			sourceTree = "<group>";
		};
/* End PBXGroup section */

/* Begin PBXNativeTarget section */
		68C9715F1C208B85009C78FE /* tips */ = {
			isa = PBXNativeTarget;
			buildConfigurationList = 68C9717F1C208B85009C78FE /* Build configuration list for PBXNativeTarget "tips" */;
			buildPhases = (
				68C9715C1C208B85009C78FE /* Sources */,
				68C9715D1C208B85009C78FE /* Frameworks */,
				68C9715E1C208B85009C78FE /* Resources */,
			);
			buildRules = (
			);
			dependencies = (
			);
			name = tips;
			productName = tips;
			productReference = 68C971601C208B85009C78FE /* tips.app */;
			productType = "com.apple.product-type.application";
		};
		68C971741C208B85009C78FE /* tipsTests */ = {
			isa = PBXNativeTarget;
			buildConfigurationList = 68C971821C208B85009C78FE /* Build configuration list for PBXNativeTarget "tipsTests" */;
			buildPhases = (
				68C971711C208B85009C78FE /* Sources */,
				68C971721C208B85009C78FE /* Frameworks */,
				68C971731C208B85009C78FE /* Resources */,
			);
			buildRules = (
			);
			dependencies = (
				68C971771C208B85009C78FE /* PBXTargetDependency */,
			);
			name = tipsTests;
			productName = tipsTests;
			productReference = 68C971751C208B85009C78FE /* tipsTests.xctest */;
			productType = "com.apple.product-type.bundle.unit-test";
		};
/* End PBXNativeTarget section */

/* Begin PBXProject section */
		68C971581C208B85009C78FE /* Project object */ = {
			isa = PBXProject;
			attributes = {
				LastUpgradeCheck = 0640;
				ORGANIZATIONNAME = wustl;
				TargetAttributes = {
					68C9715F1C208B85009C78FE = {
						CreatedOnToolsVersion = 6.4;
					};
					68C971741C208B85009C78FE = {
						CreatedOnToolsVersion = 6.4;
						TestTargetID = 68C9715F1C208B85009C78FE;
					};
				};
			};
			buildConfigurationList = 68C9715B1C208B85009C78FE /* Build configuration list for PBXProject "tips" */;
			compatibilityVersion = "Xcode 3.2";
			developmentRegion = English;
			hasScannedForEncodings = 0;
			knownRegions = (
				en,
				Base,
			);
			mainGroup = 68C971571C208B85009C78FE;
			productRefGroup = 68C971611C208B85009C78FE /* Products */;
			projectDirPath = "";
			projectRoot = "";
			targets = (
				68C9715F1C208B85009C78FE /* tips */,
				68C971741C208B85009C78FE /* tipsTests */,
			);
		};
/* End PBXProject section */

/* Begin PBXResourcesBuildPhase section */
		68C9715E1C208B85009C78FE /* Resources */ = {
			isa = PBXResourcesBuildPhase;
			buildActionMask = 2147483647;
			files = (
				68C9716B1C208B85009C78FE /* Main.storyboard in Resources */,
				68C971701C208B85009C78FE /* LaunchScreen.xib in Resources */,
				68C9716D1C208B85009C78FE /* Images.xcassets in Resources */,
			);
			runOnlyForDeploymentPostprocessing = 0;
		};
		68C971731C208B85009C78FE /* Resources */ = {
			isa = PBXResourcesBuildPhase;
			buildActionMask = 2147483647;
			files = (
			);
			runOnlyForDeploymentPostprocessing = 0;
		};
/* End PBXResourcesBuildPhase section */

/* Begin PBXSourcesBuildPhase section */
		68C9715C1C208B85009C78FE /* Sources */ = {
			isa = PBXSourcesBuildPhase;
			buildActionMask = 2147483647;
			files = (
				68C971681C208B85009C78FE /* ViewController.swift in Sources */,
				68C971881C20B777009C78FE /* Theme.swift in Sources */,
				68C971661C208B85009C78FE /* AppDelegate.swift in Sources */,
				68C971861C2097AB009C78FE /* SettingsViewController.swift in Sources */,
			);
			runOnlyForDeploymentPostprocessing = 0;
		};
		68C971711C208B85009C78FE /* Sources */ = {
			isa = PBXSourcesBuildPhase;
			buildActionMask = 2147483647;
			files = (
				68C9717C1C208B85009C78FE /* tipsTests.swift in Sources */,
			);
			runOnlyForDeploymentPostprocessing = 0;
		};
/* End PBXSourcesBuildPhase section */

/* Begin PBXTargetDependency section */
		68C971771C208B85009C78FE /* PBXTargetDependency */ = {
			isa = PBXTargetDependency;
			target = 68C9715F1C208B85009C78FE /* tips */;
			targetProxy = 68C971761C208B85009C78FE /* PBXContainerItemProxy */;
		};
/* End PBXTargetDependency section */

/* Begin PBXVariantGroup section */
		68C971691C208B85009C78FE /* Main.storyboard */ = {
			isa = PBXVariantGroup;
			children = (
				68C9716A1C208B85009C78FE /* Base */,
			);
			name = Main.storyboard;
			sourceTree = "<group>";
		};
		68C9716E1C208B85009C78FE /* LaunchScreen.xib */ = {
			isa = PBXVariantGroup;
			children = (
				68C9716F1C208B85009C78FE /* Base */,
			);
			name = LaunchScreen.xib;
			sourceTree = "<group>";
		};
/* End PBXVariantGroup section */

/* Begin XCBuildConfiguration section */
		68C9717D1C208B85009C78FE /* Debug */ = {
			isa = XCBuildConfiguration;
			buildSettings = {
				ALWAYS_SEARCH_USER_PATHS = NO;
				CLANG_CXX_LANGUAGE_STANDARD = "gnu++0x";
				CLANG_CXX_LIBRARY = "libc++";
				CLANG_ENABLE_MODULES = YES;
				CLANG_ENABLE_OBJC_ARC = YES;
				CLANG_WARN_BOOL_CONVERSION = YES;
				CLANG_WARN_CONSTANT_CONVERSION = YES;
				CLANG_WARN_DIRECT_OBJC_ISA_USAGE = YES_ERROR;
				CLANG_WARN_EMPTY_BODY = YES;
				CLANG_WARN_ENUM_CONVERSION = YES;
				CLANG_WARN_INT_CONVERSION = YES;
				CLANG_WARN_OBJC_ROOT_CLASS = YES_ERROR;
				CLANG_WARN_UNREACHABLE_CODE = YES;
				CLANG_WARN__DUPLICATE_METHOD_MATCH = YES;
				"CODE_SIGN_IDENTITY[sdk=iphoneos*]" = "iPhone Developer";
				COPY_PHASE_STRIP = NO;
				DEBUG_INFORMATION_FORMAT = "dwarf-with-dsym";
				ENABLE_STRICT_OBJC_MSGSEND = YES;
				GCC_C_LANGUAGE_STANDARD = gnu99;
				GCC_DYNAMIC_NO_PIC = NO;
				GCC_NO_COMMON_BLOCKS = YES;
				GCC_OPTIMIZATION_LEVEL = 0;
				GCC_PREPROCESSOR_DEFINITIONS = (
					"DEBUG=1",
					"$(inherited)",
				);
				GCC_SYMBOLS_PRIVATE_EXTERN = NO;
				GCC_WARN_64_TO_32_BIT_CONVERSION = YES;
				GCC_WARN_ABOUT_RETURN_TYPE = YES_ERROR;
				GCC_WARN_UNDECLARED_SELECTOR = YES;
				GCC_WARN_UNINITIALIZED_AUTOS = YES_AGGRESSIVE;
				GCC_WARN_UNUSED_FUNCTION = YES;
				GCC_WARN_UNUSED_VARIABLE = YES;
				IPHONEOS_DEPLOYMENT_TARGET = 8.4;
				MTL_ENABLE_DEBUG_INFO = YES;
				ONLY_ACTIVE_ARCH = YES;
				SDKROOT = iphoneos;
				SWIFT_OPTIMIZATION_LEVEL = "-Onone";
			};
			name = Debug;
		};
		68C9717E1C208B85009C78FE /* Release */ = {
			isa = XCBuildConfiguration;
			buildSettings = {
				ALWAYS_SEARCH_USER_PATHS = NO;
				CLANG_CXX_LANGUAGE_STANDARD = "gnu++0x";
				CLANG_CXX_LIBRARY = "libc++";
				CLANG_ENABLE_MODULES = YES;
				CLANG_ENABLE_OBJC_ARC = YES;
				CLANG_WARN_BOOL_CONVERSION = YES;
				CLANG_WARN_CONSTANT_CONVERSION = YES;
				CLANG_WARN_DIRECT_OBJC_ISA_USAGE = YES_ERROR;
				CLANG_WARN_EMPTY_BODY = YES;
				CLANG_WARN_ENUM_CONVERSION = YES;
				CLANG_WARN_INT_CONVERSION = YES;
				CLANG_WARN_OBJC_ROOT_CLASS = YES_ERROR;
				CLANG_WARN_UNREACHABLE_CODE = YES;
				CLANG_WARN__DUPLICATE_METHOD_MATCH = YES;
				"CODE_SIGN_IDENTITY[sdk=iphoneos*]" = "iPhone Developer";
				COPY_PHASE_STRIP = NO;
				DEBUG_INFORMATION_FORMAT = "dwarf-with-dsym";
				ENABLE_NS_ASSERTIONS = NO;
				ENABLE_STRICT_OBJC_MSGSEND = YES;
				GCC_C_LANGUAGE_STANDARD = gnu99;
				GCC_NO_COMMON_BLOCKS = YES;
				GCC_WARN_64_TO_32_BIT_CONVERSION = YES;
				GCC_WARN_ABOUT_RETURN_TYPE = YES_ERROR;
				GCC_WARN_UNDECLARED_SELECTOR = YES;
				GCC_WARN_UNINITIALIZED_AUTOS = YES_AGGRESSIVE;
				GCC_WARN_UNUSED_FUNCTION = YES;
				GCC_WARN_UNUSED_VARIABLE = YES;
				IPHONEOS_DEPLOYMENT_TARGET = 8.4;
				MTL_ENABLE_DEBUG_INFO = NO;
				SDKROOT = iphoneos;
				VALIDATE_PRODUCT = YES;
			};
			name = Release;
		};
		68C971801C208B85009C78FE /* Debug */ = {
			isa = XCBuildConfiguration;
			buildSettings = {
				ASSETCATALOG_COMPILER_APPICON_NAME = AppIcon;
				INFOPLIST_FILE = tips/Info.plist;
				LD_RUNPATH_SEARCH_PATHS = "$(inherited) @executable_path/Frameworks";
				PRODUCT_NAME = "$(TARGET_NAME)";
			};
			name = Debug;
		};
		68C971811C208B85009C78FE /* Release */ = {
			isa = XCBuildConfiguration;
			buildSettings = {
				ASSETCATALOG_COMPILER_APPICON_NAME = AppIcon;
				INFOPLIST_FILE = tips/Info.plist;
				LD_RUNPATH_SEARCH_PATHS = "$(inherited) @executable_path/Frameworks";
				PRODUCT_NAME = "$(TARGET_NAME)";
			};
			name = Release;
		};
		68C971831C208B85009C78FE /* Debug */ = {
			isa = XCBuildConfiguration;
			buildSettings = {
				BUNDLE_LOADER = "$(TEST_HOST)";
				FRAMEWORK_SEARCH_PATHS = (
					"$(SDKROOT)/Developer/Library/Frameworks",
					"$(inherited)",
				);
				GCC_PREPROCESSOR_DEFINITIONS = (
					"DEBUG=1",
					"$(inherited)",
				);
				INFOPLIST_FILE = tipsTests/Info.plist;
				LD_RUNPATH_SEARCH_PATHS = "$(inherited) @executable_path/Frameworks @loader_path/Frameworks";
				PRODUCT_NAME = "$(TARGET_NAME)";
				TEST_HOST = "$(BUILT_PRODUCTS_DIR)/tips.app/tips";
			};
			name = Debug;
		};
		68C971841C208B85009C78FE /* Release */ = {
			isa = XCBuildConfiguration;
			buildSettings = {
				BUNDLE_LOADER = "$(TEST_HOST)";
				FRAMEWORK_SEARCH_PATHS = (
					"$(SDKROOT)/Developer/Library/Frameworks",
					"$(inherited)",
				);
				INFOPLIST_FILE = tipsTests/Info.plist;
				LD_RUNPATH_SEARCH_PATHS = "$(inherited) @executable_path/Frameworks @loader_path/Frameworks";
				PRODUCT_NAME = "$(TARGET_NAME)";
				TEST_HOST = "$(BUILT_PRODUCTS_DIR)/tips.app/tips";
			};
			name = Release;
		};
/* End XCBuildConfiguration section */

/* Begin XCConfigurationList section */
		68C9715B1C208B85009C78FE /* Build configuration list for PBXProject "tips" */ = {
			isa = XCConfigurationList;
			buildConfigurations = (
				68C9717D1C208B85009C78FE /* Debug */,
				68C9717E1C208B85009C78FE /* Release */,
			);
			defaultConfigurationIsVisible = 0;
			defaultConfigurationName = Release;
		};
		68C9717F1C208B85009C78FE /* Build configuration list for PBXNativeTarget "tips" */ = {
			isa = XCConfigurationList;
			buildConfigurations = (
				68C971801C208B85009C78FE /* Debug */,
				68C971811C208B85009C78FE /* Release */,
			);
			defaultConfigurationIsVisible = 0;
		};
		68C971821C208B85009C78FE /* Build configuration list for PBXNativeTarget "tipsTests" */ = {
			isa = XCConfigurationList;
			buildConfigurations = (
				68C971831C208B85009C78FE /* Debug */,
				68C971841C208B85009C78FE /* Release */,
			);
			defaultConfigurationIsVisible = 0;
		};
/* End XCConfigurationList section */
	};
	rootObject = 68C971581C208B85009C78FE /* Project object */;
}
